
Microsoft Visual Studio Solution File, Format Version 12.00
# Visual Studio Version 16
VisualStudioVersion = 25.0.1705.3
MinimumVisualStudioVersion = 10.0.40219.1
Project("{FAE04EC0-301F-11D3-BF4B-00C04F79EFBC}") = "DesignPatterns", "DesignPatterns\DesignPatterns.csproj", "{6577CAAB-7C6F-470A-93DA-397F53817BA3}"
EndProject
Project("{FAE04EC0-301F-11D3-BF4B-00C04F79EFBC}") = "SOLID", "..\SOLID\SOLID.csproj", "{0CC3CEC5-FF09-4657-8286-02AC45D074DC}"
EndProject
Project("{FAE04EC0-301F-11D3-BF4B-00C04F79EFBC}") = "Builder", "..\Builder\Builder.csproj", "{088C94FF-B28C-4726-9D02-222F3F33F79C}"
EndProject
Global
	GlobalSection(SolutionConfigurationPlatforms) = preSolution
		Debug|Any CPU = Debug|Any CPU
		Release|Any CPU = Release|Any CPU
	EndGlobalSection
	GlobalSection(ProjectConfigurationPlatforms) = postSolution
		{6577CAAB-7C6F-470A-93DA-397F53817BA3}.Debug|Any CPU.ActiveCfg = Debug|Any CPU
		{6577CAAB-7C6F-470A-93DA-397F53817BA3}.Debug|Any CPU.Build.0 = Debug|Any CPU
		{6577CAAB-7C6F-470A-93DA-397F53817BA3}.Release|Any CPU.ActiveCfg = Release|Any CPU
		{6577CAAB-7C6F-470A-93DA-397F53817BA3}.Release|Any CPU.Build.0 = Release|Any CPU
		{0CC3CEC5-FF09-4657-8286-02AC45D074DC}.Debug|Any CPU.ActiveCfg = Debug|Any CPU
		{0CC3CEC5-FF09-4657-8286-02AC45D074DC}.Debug|Any CPU.Build.0 = Debug|Any CPU
		{0CC3CEC5-FF09-4657-8286-02AC45D074DC}.Release|Any CPU.ActiveCfg = Release|Any CPU
		{0CC3CEC5-FF09-4657-8286-02AC45D074DC}.Release|Any CPU.Build.0 = Release|Any CPU
		{088C94FF-B28C-4726-9D02-222F3F33F79C}.Debug|Any CPU.ActiveCfg = Debug|Any CPU
		{088C94FF-B28C-4726-9D02-222F3F33F79C}.Debug|Any CPU.Build.0 = Debug|Any CPU
		{088C94FF-B28C-4726-9D02-222F3F33F79C}.Release|Any CPU.ActiveCfg = Release|Any CPU
		{088C94FF-B28C-4726-9D02-222F3F33F79C}.Release|Any CPU.Build.0 = Release|Any CPU
	EndGlobalSection
	GlobalSection(SolutionProperties) = preSolution
		HideSolutionNode = FALSE
	EndGlobalSection
	GlobalSection(ExtensibilityGlobals) = postSolution
		SolutionGuid = {9B962F76-A38A-4854-A7A4-6080B2D8E972}
	EndGlobalSection
EndGlobal
